
Microsoft Visual Studio Solution File, Format Version 12.00
# Visual Studio Version 16
VisualStudioVersion = 16.0.30907.101
MinimumVisualStudioVersion = 10.0.40219.1
Project("{9A19103F-16F7-4668-BE54-9A1E7A4F7556}") = "WebAPIMuitos_Para_Muitos", "WebAPIMuitos_Para_Muitos\WebAPIMuitos_Para_Muitos.csproj", "{637A4CE8-FE2A-49DA-B571-F6A5094307D6}"
EndProject
Project("{9A19103F-16F7-4668-BE54-9A1E7A4F7556}") = "WebApiMuitos_ParaMuitosRepository", "WebApiMuitos_ParaMuitosRepository\WebApiMuitos_ParaMuitosRepository.csproj", "{24B6DEA8-35EE-4638-8960-8A055E21D07F}"
EndProject
Project("{9A19103F-16F7-4668-BE54-9A1E7A4F7556}") = "WebAPIMuitos_Para_MuitosDomain", "WebAPIMuitos_Para_MuitosDomain\WebAPIMuitos_Para_MuitosDomain.csproj", "{F01419EC-C8BF-4543-8117-BD354DEF8774}"
EndProject
Global
	GlobalSection(SolutionConfigurationPlatforms) = preSolution
		Debug|Any CPU = Debug|Any CPU
		Release|Any CPU = Release|Any CPU
	EndGlobalSection
	GlobalSection(ProjectConfigurationPlatforms) = postSolution
		{637A4CE8-FE2A-49DA-B571-F6A5094307D6}.Debug|Any CPU.ActiveCfg = Debug|Any CPU
		{637A4CE8-FE2A-49DA-B571-F6A5094307D6}.Debug|Any CPU.Build.0 = Debug|Any CPU
		{637A4CE8-FE2A-49DA-B571-F6A5094307D6}.Release|Any CPU.ActiveCfg = Release|Any CPU
		{637A4CE8-FE2A-49DA-B571-F6A5094307D6}.Release|Any CPU.Build.0 = Release|Any CPU
		{24B6DEA8-35EE-4638-8960-8A055E21D07F}.Debug|Any CPU.ActiveCfg = Debug|Any CPU
		{24B6DEA8-35EE-4638-8960-8A055E21D07F}.Debug|Any CPU.Build.0 = Debug|Any CPU
		{24B6DEA8-35EE-4638-8960-8A055E21D07F}.Release|Any CPU.ActiveCfg = Release|Any CPU
		{24B6DEA8-35EE-4638-8960-8A055E21D07F}.Release|Any CPU.Build.0 = Release|Any CPU
		{F01419EC-C8BF-4543-8117-BD354DEF8774}.Debug|Any CPU.ActiveCfg = Debug|Any CPU
		{F01419EC-C8BF-4543-8117-BD354DEF8774}.Debug|Any CPU.Build.0 = Debug|Any CPU
		{F01419EC-C8BF-4543-8117-BD354DEF8774}.Release|Any CPU.ActiveCfg = Release|Any CPU
		{F01419EC-C8BF-4543-8117-BD354DEF8774}.Release|Any CPU.Build.0 = Release|Any CPU
	EndGlobalSection
	GlobalSection(SolutionProperties) = preSolution
		HideSolutionNode = FALSE
	EndGlobalSection
	GlobalSection(ExtensibilityGlobals) = postSolution
		SolutionGuid = {AEA8F3B5-CF1C-488A-8479-25C259082198}
	EndGlobalSection
EndGlobal
